// !$*UTF8*$!
{
	archiveVersion = 1;
	classes = {
	};
	objectVersion = 46;
	objects = {

/* Begin PBXFileReference section */
		3830A3451CAA84F00099CAC0 /* web.config */ = {isa = PBXFileReference; lastKnownFileType = text; name = web.config; path = ../web.config; sourceTree = "<group>"; };
		3830A3461CAA85120099CAC0 /* test.php */ = {isa = PBXFileReference; lastKnownFileType = text.script.php; name = test.php; path = ../test.php; sourceTree = "<group>"; };
		3830A3471CAAAFAC0099CAC0 /* w3-theme-yellow.css */ = {isa = PBXFileReference; lastKnownFileType = text.css; name = "w3-theme-yellow.css"; path = "../w3-theme-yellow.css"; sourceTree = "<group>"; };
		3830A3481CAAAFAC0099CAC0 /* w3.css */ = {isa = PBXFileReference; lastKnownFileType = text.css; name = w3.css; path = ../w3.css; sourceTree = "<group>"; };
		38B7BAE21CAAF8C4001F2E67 /* composer.json */ = {isa = PBXFileReference; lastKnownFileType = text.json; name = composer.json; path = ../composer.json; sourceTree = "<group>"; };
		38EEED781C88B08F0091759B /* index.html */ = {isa = PBXFileReference; lastKnownFileType = text.html; name = index.html; path = ../index.html; sourceTree = "<group>"; };
		38EEED791C88B08F0091759B /* shop-step3.js */ = {isa = PBXFileReference; lastKnownFileType = sourcecode.javascript; name = "shop-step3.js"; path = "../shop-step3.js"; sourceTree = "<group>"; };
		38EEED7A1C88B08F0091759B /* shop-step3.php */ = {isa = PBXFileReference; lastKnownFileType = text.script.php; name = "shop-step3.php"; path = "../shop-step3.php"; sourceTree = "<group>"; };
/* End PBXFileReference section */

/* Begin PBXGroup section */
		38EEED711C88B0860091759B = {
			isa = PBXGroup;
			children = (
				38B7BAE21CAAF8C4001F2E67 /* composer.json */,
				3830A3471CAAAFAC0099CAC0 /* w3-theme-yellow.css */,
				3830A3481CAAAFAC0099CAC0 /* w3.css */,
				3830A3461CAA85120099CAC0 /* test.php */,
				3830A3451CAA84F00099CAC0 /* web.config */,
				38EEED781C88B08F0091759B /* index.html */,
				38EEED791C88B08F0091759B /* shop-step3.js */,
				38EEED7A1C88B08F0091759B /* shop-step3.php */,
			);
			sourceTree = "<group>";
		};
/* End PBXGroup section */

/* Begin PBXProject section */
		38EEED721C88B0860091759B /* Project object */ = {
			isa = PBXProject;
			attributes = {
				LastUpgradeCheck = 0720;
			};
			buildConfigurationList = 38EEED751C88B0860091759B /* Build configuration list for PBXProject "Web" */;
			compatibilityVersion = "Xcode 3.2";
			developmentRegion = English;
			hasScannedForEncodings = 0;
			knownRegions = (
				en,
			);
			mainGroup = 38EEED711C88B0860091759B;
			projectDirPath = "";
			projectRoot = "";
			targets = (
			);
		};
/* End PBXProject section */

/* Begin XCBuildConfiguration section */
		38EEED761C88B0860091759B /* Debug */ = {
			isa = XCBuildConfiguration;
			buildSettings = {
			};
			name = Debug;
		};
		38EEED771C88B0860091759B /* Release */ = {
			isa = XCBuildConfiguration;
			buildSettings = {
			};
			name = Release;
		};
/* End XCBuildConfiguration section */

/* Begin XCConfigurationList section */
		38EEED751C88B0860091759B /* Build configuration list for PBXProject "Web" */ = {
			isa = XCConfigurationList;
			buildConfigurations = (
				38EEED761C88B0860091759B /* Debug */,
				38EEED771C88B0860091759B /* Release */,
			);
			defaultConfigurationIsVisible = 0;
			defaultConfigurationName = Release;
		};
/* End XCConfigurationList section */
	};
	rootObject = 38EEED721C88B0860091759B /* Project object */;
}
